{
  "name": "spring-modulith-kiro-harness",
  "lockfileVersion": 3,
  "requires": true,
  "packages": {
    "": {
      "dependencies": {
        "@ast-grep/lang-bash": "*",
        "@ast-grep/lang-c": "*",
        "@ast-grep/lang-cpp": "*",
        "@ast-grep/lang-csharp": "*",
        "@ast-grep/lang-dart": "*",
        "@ast-grep/lang-elixir": "*",
        "@ast-grep/lang-go": "*",
        "@ast-grep/lang-haskell": "*",
        "@ast-grep/lang-java": "*",
        "@ast-grep/lang-kotlin": "*",
        "@ast-grep/lang-lua": "*",
        "@ast-grep/lang-php": "*",
        "@ast-grep/lang-python": "*",
        "@ast-grep/lang-ruby": "*",
        "@ast-grep/lang-rust": "*",
        "@ast-grep/lang-scala": "*",
        "@ast-grep/lang-swift": "*",
        "parquetjs-lite": "^0.8.7",
        "xlsx": "^0.18.5"
      },
      "optionalDependencies": {
        "@ast-grep/lang-bash": "^0.0.8",
        "@ast-grep/lang-c": "^0.0.6",
        "@ast-grep/lang-cpp": "^0.0.6",
        "@ast-grep/lang-csharp": "^0.0.6",
        "@ast-grep/lang-dart": "^0.0.7",
        "@ast-grep/lang-elixir": "^0.0.7",
        "@ast-grep/lang-go": "^0.0.6",
        "@ast-grep/lang-haskell": "^0.0.7",
        "@ast-grep/lang-java": "^0.0.7",
        "@ast-grep/lang-kotlin": "^0.0.7",
        "@ast-grep/lang-lua": "^0.0.7",
        "@ast-grep/lang-php": "^0.0.7",
        "@ast-grep/lang-python": "^0.0.6",
        "@ast-grep/lang-ruby": "^0.0.7",
        "@ast-grep/lang-rust": "^0.0.7",
        "@ast-grep/lang-scala": "^0.0.7",
        "@ast-grep/lang-swift": "^0.0.8",
        "@ast-grep/napi": "^0.43.0",
        "@firecrawl/pdf-inspector": "^1.9.6"
      }
    },
    "node_modules/@ast-grep/lang-bash": {
      "version": "0.0.8",
      "resolved": "https://registry.npmjs.org/@ast-grep/lang-bash/-/lang-bash-0.0.8.tgz",
      "integrity": "sha512-qFykSsOdBv35I1rtt2PstJ4luzV9J1YCiFZBgySI8UPOh+TFnmpdlq9CrryNOj0Q7f6zZhc1OIau+/mUSs6HAg==",
      "hasInstallScript": true,
      "license": "ISC",
      "optional": true,
      "dependencies": {
        "@ast-grep/setup-lang": "0.0.6"
      },
      "peerDependencies": {
        "tree-sitter-cli": "0.25.8"
      },
      "peerDependenciesMeta": {
        "tree-sitter-cli": {
          "optional": true
        }
      }
    },
    "node_modules/@ast-grep/lang-c": {
      "version": "0.0.6",
      "resolved": "https://registry.npmjs.org/@ast-grep/lang-c/-/lang-c-0.0.6.tgz",
      "integrity": "sha512-z4ldQyXENqqiNr+F3qhhtKYxgRwLGpOrpc0RIsINwbzeixyFnlNWw5MB1p5yIXN1DkHWrnz5Sd6Wl5s0Mbf6OQ==",
      "hasInstallScript": true,
      "license": "ISC",
      "optional": true,
      "dependencies": {
        "@ast-grep/setup-lang": "0.0.6"
      },
      "peerDependencies": {
        "tree-sitter-cli": "0.25.8"
      },
      "peerDependenciesMeta": {
        "tree-sitter-cli": {
          "optional": true
        }
      }
    },
    "node_modules/@ast-grep/lang-cpp": {
      "version": "0.0.6",
      "resolved": "https://registry.npmjs.org/@ast-grep/lang-cpp/-/lang-cpp-0.0.6.tgz",
      "integrity": "sha512-VsNr3fzgV969wuWnno7Rb2LexpeO9TwVBiwnCeH9NsDD6/v7Vr529FJF07E2bAsQjB2HPdljY2/a11GbT3xG9A==",
      "hasInstallScript": true,
      "license": "ISC",
      "optional": true,
      "dependencies": {
        "@ast-grep/setup-lang": "0.0.6"
      },
      "peerDependencies": {
        "tree-sitter-cli": "0.25.8"
      },
      "peerDependenciesMeta": {
        "tree-sitter-cli": {
          "optional": true
        }
      }
    },
    "node_modules/@ast-grep/lang-csharp": {
      "version": "0.0.6",
      "resolved": "https://registry.npmjs.org/@ast-grep/lang-csharp/-/lang-csharp-0.0.6.tgz",
      "integrity": "sha512-9Aq0WvJ5wRdJ+iply7H2Aq89o2BOdxFXh3H9tLvf8DryyHgWAQA/CRKUw1HjV8Q4ABUZFl1vLq9Uv3t0gQtZdQ==",
      "hasInstallScript": true,
      "license": "ISC",
      "optional": true,
      "dependencies": {
        "@ast-grep/setup-lang": "0.0.6"
      },
      "peerDependencies": {
        "tree-sitter-cli": "0.25.8"
      },
      "peerDependenciesMeta": {
        "tree-sitter-cli": {
          "optional": true
        }
      }
    },
    "node_modules/@ast-grep/lang-dart": {
      "version": "0.0.7",
      "resolved": "https://registry.npmjs.org/@ast-grep/lang-dart/-/lang-dart-0.0.7.tgz",
      "integrity": "sha512-9tTkOnw10g+/cgt8jw1XqZ0AKLDXoKYP1HoY3reZPQLhk4IWs8mNAu4Yd6E80CdQ2sJ10+L7wv1C16jTt4Yirw==",
      "hasInstallScript": true,
      "license": "ISC",
      "optional": true,
      "dependencies": {
        "@ast-grep/setup-lang": "0.0.6"
      },
      "peerDependencies": {
        "tree-sitter-cli": "0.25.8"
      },
      "peerDependenciesMeta": {
        "tree-sitter-cli": {
          "optional": true
        }
      }
    },
    "node_modules/@ast-grep/lang-elixir": {
      "version": "0.0.7",
      "resolved": "https://registry.npmjs.org/@ast-grep/lang-elixir/-/lang-elixir-0.0.7.tgz",
      "integrity": "sha512-oKaLIX62nMb1H/utcbRe67eHooY7tobUniuUtNb8T5B/vfaFYAec2qCJbdFEh0sng69LwmOU9ojikAMRWkVFXw==",
      "hasInstallScript": true,
      "license": "ISC",
      "optional": true,
      "dependencies": {
        "@ast-grep/setup-lang": "0.0.6"
      },
      "peerDependencies": {
        "tree-sitter-cli": "0.25.8"
      },
      "peerDependenciesMeta": {
        "tree-sitter-cli": {
          "optional": true
        }
      }
    },
    "node_modules/@ast-grep/lang-go": {
      "version": "0.0.6",
      "resolved": "https://registry.npmjs.org/@ast-grep/lang-go/-/lang-go-0.0.6.tgz",
      "integrity": "sha512-PZap9Rp6t+YKbLjRnFRF5aGBX3/HV9s5Rp7ZPsCM+o3tlTZDo1IqDYnFu+Oeh5Razs2U8K8ccPSJ+GBxalVhWg==",
      "hasInstallScript": true,
      "license": "ISC",
      "optional": true,
      "dependencies": {
        "@ast-grep/setup-lang": "0.0.6"
      },
      "peerDependencies": {
        "tree-sitter-cli": "0.25.8"
      },
      "peerDependenciesMeta": {
        "tree-sitter-cli": {
          "optional": true
        }
      }
    },
    "node_modules/@ast-grep/lang-haskell": {
      "version": "0.0.7",
      "resolved": "https://registry.npmjs.org/@ast-grep/lang-haskell/-/lang-haskell-0.0.7.tgz",
      "integrity": "sha512-9pCwRtAV4pW429pugUreFmMWCywqGHPHvz+wtTvnbPzKrECSuhnxuIf/yAFWAZ1Vzjkj6G1FFy/W7w9q3DTd3g==",
      "hasInstallScript": true,
      "license": "ISC",
      "optional": true,
      "dependencies": {
        "@ast-grep/setup-lang": "0.0.6"
      },
      "peerDependencies": {
        "tree-sitter-cli": "0.25.8"
      },
      "peerDependenciesMeta": {
        "tree-sitter-cli": {
          "optional": true
        }
      }
    },
    "node_modules/@ast-grep/lang-java": {
      "version": "0.0.7",
      "resolved": "https://registry.npmjs.org/@ast-grep/lang-java/-/lang-java-0.0.7.tgz",
      "integrity": "sha512-7muXd2MqUxJ8SrLrXU+JbvU6qSASZ5BZqH/eCDkIIjXge5wMl7kIYxKEgP375W8lnTXQYjM+VgeOkYSU9EexJg==",
      "hasInstallScript": true,
      "license": "ISC",
      "optional": true,
      "dependencies": {
        "@ast-grep/setup-lang": "0.0.6"
      },
      "peerDependencies": {
        "tree-sitter-cli": "0.25.8"
      },
      "peerDependenciesMeta": {
        "tree-sitter-cli": {
          "optional": true
        }
      }
    },
    "node_modules/@ast-grep/lang-kotlin": {
      "version": "0.0.7",
      "resolved": "https://registry.npmjs.org/@ast-grep/lang-kotlin/-/lang-kotlin-0.0.7.tgz",
      "integrity": "sha512-+rXVbmESlE5c3QQGl/si0BRj/aC/v6P8Tw//8UxojoqlfZDISG95bHeVRZxb4NuEkt0kFFRn7Lbi9DsHXn8MbA==",
      "hasInstallScript": true,
      "license": "ISC",
      "optional": true,
      "dependencies": {
        "@ast-grep/setup-lang": "0.0.6"
      },
      "peerDependencies": {
        "tree-sitter-cli": "0.25.8"
      },
      "peerDependenciesMeta": {
        "tree-sitter-cli": {
          "optional": true
        }
      }
    },
    "node_modules/@ast-grep/lang-lua": {
      "version": "0.0.7",
      "resolved": "https://registry.npmjs.org/@ast-grep/lang-lua/-/lang-lua-0.0.7.tgz",
      "integrity": "sha512-xGJpC06HTGSb2KPD5YEuzdj7wo4ZRCkMPWWUCzXUqP8stkoJYp2SW6VExeInSIMLnGyEMQAGdjCWttgyRzTGOQ==",
      "hasInstallScript": true,
      "license": "ISC",
      "optional": true,
      "dependencies": {
        "@ast-grep/setup-lang": "0.0.6"
      },
      "peerDependencies": {
        "tree-sitter-cli": "0.25.8"
      },
      "peerDependenciesMeta": {
        "tree-sitter-cli": {
          "optional": true
        }
      }
    },
    "node_modules/@ast-grep/lang-php": {
      "version": "0.0.7",
      "resolved": "https://registry.npmjs.org/@ast-grep/lang-php/-/lang-php-0.0.7.tgz",
      "integrity": "sha512-cDCcgSRj4eL8QnEivUbxYVSUn4PESyLdp6RuFvYw2gMOb8qzfR1FTq503D9tZ5pqvZCALR3KrbVNzc8SHaQs7Q==",
      "hasInstallScript": true,
      "license": "ISC",
      "optional": true,
      "dependencies": {
        "@ast-grep/setup-lang": "0.0.6"
      },
      "peerDependencies": {
        "tree-sitter-cli": "0.25.8"
      },
      "peerDependenciesMeta": {
        "tree-sitter-cli": {
          "optional": true
        }
      }
    },
    "node_modules/@ast-grep/lang-python": {
      "version": "0.0.6",
      "resolved": "https://registry.npmjs.org/@ast-grep/lang-python/-/lang-python-0.0.6.tgz",
      "integrity": "sha512-eF/bEBspmrxdVuPNihvZDyyJx5qtIpGEMz9l1nNQmrji7NZcUiRNC8WwzYyQCBdy1mj8HZ0Tn4I2q3gp/6Bkiw==",
      "hasInstallScript": true,
      "license": "ISC",
      "optional": true,
      "dependencies": {
        "@ast-grep/setup-lang": "0.0.6"
      },
      "peerDependencies": {
        "tree-sitter-cli": "0.25.8"
      },
      "peerDependenciesMeta": {
        "tree-sitter-cli": {
          "optional": true
        }
      }
    },
    "node_modules/@ast-grep/lang-ruby": {
      "version": "0.0.7",
      "resolved": "https://registry.npmjs.org/@ast-grep/lang-ruby/-/lang-ruby-0.0.7.tgz",
      "integrity": "sha512-tSoj96K/saNfz2wqLZPtKPhwGsRsveydv1FIce9KbXVmxmk+9cerg+LqPS9A8CO3OMQj6LFr1J2Jyr7A/KMpZQ==",
      "hasInstallScript": true,
      "license": "ISC",
      "optional": true,
      "dependencies": {
        "@ast-grep/setup-lang": "0.0.6"
      },
      "peerDependencies": {
        "tree-sitter-cli": "0.25.8"
      },
      "peerDependenciesMeta": {
        "tree-sitter-cli": {
          "optional": true
        }
      }
    },
    "node_modules/@ast-grep/lang-rust": {
      "version": "0.0.7",
      "resolved": "https://registry.npmjs.org/@ast-grep/lang-rust/-/lang-rust-0.0.7.tgz",
      "integrity": "sha512-CF6jv8XmlVQgr/pFKADM87EkoGiHIrHKsG1wcX2iqgdBX5kW8wH+Zd4GP6SMme2eZogD49f19vRoRTF44iZqzg==",
      "hasInstallScript": true,
      "license": "ISC",
      "optional": true,
      "dependencies": {
        "@ast-grep/setup-lang": "0.0.6"
      },
      "peerDependencies": {
        "tree-sitter-cli": "0.25.8"
      },
      "peerDependenciesMeta": {
        "tree-sitter-cli": {
          "optional": true
        }
      }
    },
    "node_modules/@ast-grep/lang-scala": {
      "version": "0.0.7",
      "resolved": "https://registry.npmjs.org/@ast-grep/lang-scala/-/lang-scala-0.0.7.tgz",
      "integrity": "sha512-ZORuIKsydtYB0oLaD73tjnZe7LECaam1JCqa4Mc/gzhhYA7AwCmqbPRj0S9PdSOP65orWDbwYu5wroBnGXxG1Q==",
      "hasInstallScript": true,
      "license": "ISC",
      "optional": true,
      "dependencies": {
        "@ast-grep/setup-lang": "0.0.6"
      },
      "peerDependencies": {
        "tree-sitter-cli": "0.25.8"
      },
      "peerDependenciesMeta": {
        "tree-sitter-cli": {
          "optional": true
        }
      }
    },
    "node_modules/@ast-grep/lang-swift": {
      "version": "0.0.8",
      "resolved": "https://registry.npmjs.org/@ast-grep/lang-swift/-/lang-swift-0.0.8.tgz",
      "integrity": "sha512-v+pLafFzXQJ/yTgmOclSzBDX+actORUqrAL0+fJkHlvnbYARxXXKoo4bonuWlzLjp+gOLP/Liuvhb4FlWgPFXA==",
      "hasInstallScript": true,
      "license": "ISC",
      "optional": true,
      "dependencies": {
        "@ast-grep/setup-lang": "0.0.6"
      },
      "peerDependencies": {
        "tree-sitter-cli": "0.25.8"
      },
      "peerDependenciesMeta": {
        "tree-sitter-cli": {
          "optional": true
        }
      }
    },
    "node_modules/@ast-grep/napi": {
      "version": "0.43.0",
      "resolved": "https://registry.npmjs.org/@ast-grep/napi/-/napi-0.43.0.tgz",
      "integrity": "sha512-dPugC04xwgk3gJl17jJvTjVjx1IXtWI9EcEQ0szlh0jg1UfvGDdZJo9/S9Pk7gzGBNd2bW8hIL3dG6K4T8PEJA==",
      "license": "MIT",
      "optional": true,
      "engines": {
        "node": ">= 10"
      },
      "optionalDependencies": {
        "@ast-grep/napi-darwin-arm64": "0.43.0",
        "@ast-grep/napi-darwin-x64": "0.43.0",
        "@ast-grep/napi-linux-arm64-gnu": "0.43.0",
        "@ast-grep/napi-linux-arm64-musl": "0.43.0",
        "@ast-grep/napi-linux-x64-gnu": "0.43.0",
        "@ast-grep/napi-linux-x64-musl": "0.43.0",
        "@ast-grep/napi-win32-arm64-msvc": "0.43.0",
        "@ast-grep/napi-win32-ia32-msvc": "0.43.0",
        "@ast-grep/napi-win32-x64-msvc": "0.43.0"
      }
    },
    "node_modules/@ast-grep/napi-darwin-arm64": {
      "version": "0.43.0",
      "resolved": "https://registry.npmjs.org/@ast-grep/napi-darwin-arm64/-/napi-darwin-arm64-0.43.0.tgz",
      "integrity": "sha512-JBWYRNJsQ/8yfcMDARFxcl1fVZ6+kv3sHB+ClKgSCe9DNoLvGQfqGr9UGRrNOModvXY6cX+c87iAPqPGftUUiw==",
      "cpu": [
        "arm64"
      ],
      "license": "MIT",
      "optional": true,
      "os": [
        "darwin"
      ],
      "engines": {
        "node": ">= 10"
      }
    },
    "node_modules/@ast-grep/napi-darwin-x64": {
      "version": "0.43.0",
      "resolved": "https://registry.npmjs.org/@ast-grep/napi-darwin-x64/-/napi-darwin-x64-0.43.0.tgz",
      "integrity": "sha512-oqE/bC/uAEctnAbzqobplidExsPym4CQq7JDVD9HpkHpDHzMzPBF69whv/Qu0ZwrkXr48GCMKO5G6p+OB5n+kQ==",
      "cpu": [
        "x64"
      ],
      "license": "MIT",
      "optional": true,
      "os": [
        "darwin"
      ],
      "engines": {
        "node": ">= 10"
      }
    },
    "node_modules/@ast-grep/napi-linux-arm64-gnu": {
      "version": "0.43.0",
      "resolved": "https://registry.npmjs.org/@ast-grep/napi-linux-arm64-gnu/-/napi-linux-arm64-gnu-0.43.0.tgz",
      "integrity": "sha512-yJSRPxwwrvVW94J2rtaatcixSAGWcSaHNbAh6soXD6HXgq6I7uMc+cyMnJstFL789yd6Pu3QIhTlpD9VY0oYhw==",
      "cpu": [
        "arm64"
      ],
      "libc": [
        "glibc"
      ],
      "license": "MIT",
      "optional": true,
      "os": [
        "linux"
      ],
      "engines": {
        "node": ">= 10"
      }
    },
    "node_modules/@ast-grep/napi-linux-arm64-musl": {
      "version": "0.43.0",
      "resolved": "https://registry.npmjs.org/@ast-grep/napi-linux-arm64-musl/-/napi-linux-arm64-musl-0.43.0.tgz",
      "integrity": "sha512-mknXLDsf66HvT/JEl18ZQSvR7/qWgWfqh3eHuVRqD2lE6cKBDXRnAzx9ZNZkUnL2Z5ph54Yk8dKVu09k45cegA==",
      "cpu": [
        "arm64"
      ],
      "libc": [
        "musl"
      ],
      "license": "MIT",
      "optional": true,
      "os": [
        "linux"
      ],
      "engines": {
        "node": ">= 10"
      }
    },
    "node_modules/@ast-grep/napi-linux-x64-gnu": {
      "version": "0.43.0",
      "resolved": "https://registry.npmjs.org/@ast-grep/napi-linux-x64-gnu/-/napi-linux-x64-gnu-0.43.0.tgz",
      "integrity": "sha512-KM6M5KKFsHG9Y7VKCKnMsWQQ1sYwj/SPdyr91SKp66AeFJ5xMtXb13WVQ3Joe9NEsi84dzzOBIJgMddz+UMvQw==",
      "cpu": [
        "x64"
      ],
      "libc": [
        "glibc"
      ],
      "license": "MIT",
      "optional": true,
      "os": [
        "linux"
      ],
      "engines": {
        "node": ">= 10"
      }
    },
    "node_modules/@ast-grep/napi-linux-x64-musl": {
      "version": "0.43.0",
      "resolved": "https://registry.npmjs.org/@ast-grep/napi-linux-x64-musl/-/napi-linux-x64-musl-0.43.0.tgz",
      "integrity": "sha512-NfjI74m7CEEOsLi7ZkYwcxY10CfKIHPHRrr9aqMulmnrC4FGvxQMk1qpDrTqkjmEd8LdZt3PsPrmBa8AZCErew==",
      "cpu": [
        "x64"
      ],
      "libc": [
        "musl"
      ],
      "license": "MIT",
      "optional": true,
      "os": [
        "linux"
      ],
      "engines": {
        "node": ">= 10"
      }
    },
    "node_modules/@ast-grep/napi-win32-arm64-msvc": {
      "version": "0.43.0",
      "resolved": "https://registry.npmjs.org/@ast-grep/napi-win32-arm64-msvc/-/napi-win32-arm64-msvc-0.43.0.tgz",
      "integrity": "sha512-8qwXz3oogh834bXmNLtgsQYsuQi4ZDu4e1He/q+ENhVfjIr4IZRAUc1CoKZgWn+ZSE+B0NJJIxT8Vre2l0Q1Lg==",
      "cpu": [
        "arm64"
      ],
      "license": "MIT",
      "optional": true,
      "os": [
        "win32"
      ],
      "engines": {
        "node": ">= 10"
      }
    },
    "node_modules/@ast-grep/napi-win32-ia32-msvc": {
      "version": "0.43.0",
      "resolved": "https://registry.npmjs.org/@ast-grep/napi-win32-ia32-msvc/-/napi-win32-ia32-msvc-0.43.0.tgz",
      "integrity": "sha512-wUI/B9QNPzi0K7LlyO7eWvwhqFChM6+O4r5dfBfnOlkP1s/AZ04FdYaC9KAZiODE4FCWbeHbfO03RYOdWeF6eg==",
      "cpu": [
        "ia32"
      ],
      "license": "MIT",
      "optional": true,
      "os": [
        "win32"
      ],
      "engines": {
        "node": ">= 10"
      }
    },
    "node_modules/@ast-grep/napi-win32-x64-msvc": {
      "version": "0.43.0",
      "resolved": "https://registry.npmjs.org/@ast-grep/napi-win32-x64-msvc/-/napi-win32-x64-msvc-0.43.0.tgz",
      "integrity": "sha512-GsGIwYiThKiK9XPGBEguZAs4aIBgv6+DgosBs6ve2a3L390AaLqitoc+bbRz4Eu51URlFKmNP7TtvnAJbMi8QQ==",
      "cpu": [
        "x64"
      ],
      "license": "MIT",
      "optional": true,
      "os": [
        "win32"
      ],
      "engines": {
        "node": ">= 10"
      }
    },
    "node_modules/@ast-grep/setup-lang": {
      "version": "0.0.6",
      "resolved": "https://registry.npmjs.org/@ast-grep/setup-lang/-/setup-lang-0.0.6.tgz",
      "integrity": "sha512-aSYZNF5nGQMxnwiA3Lcc8zi0AtpGlug47ADgqCgP/2n7p922FbnW7vo1rbW4kKjW72B/3mDdN7uvYidv8JnPnw==",
      "license": "ISC",
      "optional": true
    },
    "node_modules/@firecrawl/pdf-inspector": {
      "version": "1.9.6",
      "resolved": "https://registry.npmjs.org/@firecrawl/pdf-inspector/-/pdf-inspector-1.9.6.tgz",
      "integrity": "sha512-EGWCovxeJNL3AKxnpfByS5MW/LqL3XO71d2+SqfVFijNWp8KM8bElBfUIIZJd3QlPjFHTF66L1NMKSAyQfLJhA==",
      "license": "MIT",
      "optional": true,
      "bin": {
        "pdf-inspector": "bin/pdf-inspector.mjs"
      }
    },
    "node_modules/adler-32": {
      "version": "1.3.1",
      "resolved": "https://registry.npmjs.org/adler-32/-/adler-32-1.3.1.tgz",
      "integrity": "sha512-ynZ4w/nUUv5rrsR8UUGoe1VC9hZj6V5hU9Qw1HlMDJGEJw5S7TfTErWTjMys6M7vr0YWcPqs3qAr4ss0nDfP+A==",
      "license": "Apache-2.0",
      "engines": {
        "node": ">=0.8"
      }
    },
    "node_modules/cfb": {
      "version": "1.2.2",
      "resolved": "https://registry.npmjs.org/cfb/-/cfb-1.2.2.tgz",
      "integrity": "sha512-KfdUZsSOw19/ObEWasvBP/Ac4reZvAGauZhs6S/gqNhXhI7cKwvlH7ulj+dOEYnca4bm4SGo8C1bTAQvnTjgQA==",
      "license": "Apache-2.0",
      "dependencies": {
        "adler-32": "~1.3.0",
        "crc-32": "~1.2.0"
      },
      "engines": {
        "node": ">=0.8"
      }
    },
    "node_modules/codepage": {
      "version": "1.15.0",
      "resolved": "https://registry.npmjs.org/codepage/-/codepage-1.15.0.tgz",
      "integrity": "sha512-3g6NUTPd/YtuuGrhMnOMRjFc+LJw/bnMp3+0r/Wcz3IXUuCosKRJvMphm5+Q+bvTVGcJJuRvVLuYba+WojaFaA==",
      "license": "Apache-2.0",
      "engines": {
        "node": ">=0.8"
      }
    },
    "node_modules/crc-32": {
      "version": "1.2.2",
      "resolved": "https://registry.npmjs.org/crc-32/-/crc-32-1.2.2.tgz",
      "integrity": "sha512-ROmzCKrTnOwybPcJApAA6WBWij23HVfGVNKqqrZpuyZOHqK2CwHSvpGuyt/UNNvaIjEd8X5IFGp4Mh+Ie1IHJQ==",
      "license": "Apache-2.0",
      "bin": {
        "crc32": "bin/crc32.njs"
      },
      "engines": {
        "node": ">=0.8"
      }
    },
    "node_modules/frac": {
      "version": "1.1.2",
      "resolved": "https://registry.npmjs.org/frac/-/frac-1.1.2.tgz",
      "integrity": "sha512-w/XBfkibaTl3YDqASwfDUqkna4Z2p9cFSr1aHDt0WoMTECnRfBOv2WArlZILlqgWlmdIlALXGpM2AOhEk5W3IA==",
      "license": "Apache-2.0",
      "engines": {
        "node": ">=0.8"
      }
    },
    "node_modules/int53": {
      "version": "0.2.4",
      "resolved": "https://registry.npmjs.org/int53/-/int53-0.2.4.tgz",
      "integrity": "sha512-a5jlKftS7HUOhkUyYD7j2sJ/ZnvWiNlZS1ldR+g1ifQ+/UuZXIE+YTc/lK1qGj/GwAU5F8Z0e1eVq2t1J5Ob2g==",
      "license": "BSD-3-Clause"
    },
    "node_modules/node-int64": {
      "version": "0.3.3",
      "resolved": "https://registry.npmjs.org/node-int64/-/node-int64-0.3.3.tgz",
      "integrity": "sha512-bLdNOp5SYyqfDz/ssGHt2OTg8u+jEkCx4EoZIzprqeonFIUhlSBrKu40e/x6hIFYJx4ZEt64/9IZJyafvhGZrw==",
      "license": "MIT"
    },
    "node_modules/parquetjs-lite": {
      "version": "0.8.7",
      "resolved": "https://registry.npmjs.org/parquetjs-lite/-/parquetjs-lite-0.8.7.tgz",
      "integrity": "sha512-L0tdHzvy0btLJvAFZvjO0+ru+FL8tHPqiVE90KEnMy5jDqv+WmEy9Ii8SjiC+exAOi3RGyPYIdgJvFijYyEahA==",
      "license": "MIT",
      "dependencies": {
        "int53": "^0.2.4",
        "node-int64": "^0.3.3",
        "snappyjs": "^0.6.0",
        "varint": "^5.0.0"
      },
      "engines": {
        "node": ">=7.6"
      }
    },
    "node_modules/snappyjs": {
      "version": "0.6.1",
      "resolved": "https://registry.npmjs.org/snappyjs/-/snappyjs-0.6.1.tgz",
      "integrity": "sha512-YIK6I2lsH072UE0aOFxxY1dPDCS43I5ktqHpeAsuLNYWkE5pGxRGWfDM4/vSUfNzXjC1Ivzt3qx31PCLmc9yqg==",
      "license": "MIT"
    },
    "node_modules/ssf": {
      "version": "0.11.2",
      "resolved": "https://registry.npmjs.org/ssf/-/ssf-0.11.2.tgz",
      "integrity": "sha512-+idbmIXoYET47hH+d7dfm2epdOMUDjqcB4648sTZ+t2JwoyBFL/insLfB/racrDmsKB3diwsDA696pZMieAC5g==",
      "license": "Apache-2.0",
      "dependencies": {
        "frac": "~1.1.2"
      },
      "engines": {
        "node": ">=0.8"
      }
    },
    "node_modules/varint": {
      "version": "5.0.2",
      "resolved": "https://registry.npmjs.org/varint/-/varint-5.0.2.tgz",
      "integrity": "sha512-lKxKYG6H03yCZUpAGOPOsMcGxd1RHCu1iKvEHYDPmTyq2HueGhD73ssNBqqQWfvYs04G9iUFRvmAVLW20Jw6ow==",
      "license": "MIT"
    },
    "node_modules/wmf": {
      "version": "1.0.2",
      "resolved": "https://registry.npmjs.org/wmf/-/wmf-1.0.2.tgz",
      "integrity": "sha512-/p9K7bEh0Dj6WbXg4JG0xvLQmIadrner1bi45VMJTfnbVHsc7yIajZyoSoK60/dtVBs12Fm6WkUI5/3WAVsNMw==",
      "license": "Apache-2.0",
      "engines": {
        "node": ">=0.8"
      }
    },
    "node_modules/word": {
      "version": "0.3.0",
      "resolved": "https://registry.npmjs.org/word/-/word-0.3.0.tgz",
      "integrity": "sha512-OELeY0Q61OXpdUfTp+oweA/vtLVg5VDOXh+3he3PNzLGG/y0oylSOC1xRVj0+l4vQ3tj/bB1HVHv1ocXkQceFA==",
      "license": "Apache-2.0",
      "engines": {
        "node": ">=0.8"
      }
    },
    "node_modules/xlsx": {
      "version": "0.18.5",
      "resolved": "https://registry.npmjs.org/xlsx/-/xlsx-0.18.5.tgz",
      "integrity": "sha512-dmg3LCjBPHZnQp5/F/+nnTa+miPJxUXB6vtk42YjBBKayDNagxGEeIdWApkYPOf3Z3pm3k62Knjzp7lMeTEtFQ==",
      "license": "Apache-2.0",
      "dependencies": {
        "adler-32": "~1.3.0",
        "cfb": "~1.2.1",
        "codepage": "~1.15.0",
        "crc-32": "~1.2.1",
        "ssf": "~0.11.2",
        "wmf": "~1.0.1",
        "word": "~0.3.0"
      },
      "bin": {
        "xlsx": "bin/xlsx.njs"
      },
      "engines": {
        "node": ">=0.8"
      }
    }
  }
}
